
Microsoft Visual Studio Solution File, Format Version 12.00
# Visual Studio 15
Project("{FAE04EC0-301F-11D3-BF4B-00C04F79EFBC}") = "Unity.Timeline", "Unity.Timeline.csproj", "{FFF87341-9E67-D02C-6C77-4D539D7635C4}"
EndProject
Project("{FAE04EC0-301F-11D3-BF4B-00C04F79EFBC}") = "Unity.Timeline.Editor", "Unity.Timeline.Editor.csproj", "{35C7328E-5AF8-6CDD-5CA5-1AA9A6600A1A}"
EndProject
Project("{FAE04EC0-301F-11D3-BF4B-00C04F79EFBC}") = "Unity.PlasticSCM.Editor", "Unity.PlasticSCM.Editor.csproj", "{66C09077-67A4-07C6-876C-D9DF723B3522}"
EndProject
Project("{FAE04EC0-301F-11D3-BF4B-00C04F79EFBC}") = "Unity.ShaderGraph.Editor", "Unity.ShaderGraph.Editor.csproj", "{5CA417F8-7767-29BD-8C7A-5F13BD043E67}"
EndProject
Project("{FAE04EC0-301F-11D3-BF4B-00C04F79EFBC}") = "Unity.RenderPipelines.Universal.Editor", "Unity.RenderPipelines.Universal.Editor.csproj", "{E6316368-C567-22A9-D141-852CBAC81109}"
EndProject
Project("{FAE04EC0-301F-11D3-BF4B-00C04F79EFBC}") = "Unity.TextMeshPro.Editor", "Unity.TextMeshPro.Editor.csproj", "{F669884D-8D34-C1F5-E7B8-CFB820A74419}"
EndProject
Project("{FAE04EC0-301F-11D3-BF4B-00C04F79EFBC}") = "Unity.VisualScripting.Flow", "Unity.VisualScripting.Flow.csproj", "{EDD5171E-8B01-5A5B-7AD4-0141D5775032}"
EndProject
Project("{FAE04EC0-301F-11D3-BF4B-00C04F79EFBC}") = "Assembly-CSharp-Editor", "Assembly-CSharp-Editor.csproj", "{A419B148-0896-E3DD-4035-D446B945CF08}"
EndProject
Project("{FAE04EC0-301F-11D3-BF4B-00C04F79EFBC}") = "Unity.RenderPipelines.Universal.Runtime", "Unity.RenderPipelines.Universal.Runtime.csproj", "{9E5DD9DC-7237-AD91-AFF5-1DA256C075BA}"
EndProject
Project("{FAE04EC0-301F-11D3-BF4B-00C04F79EFBC}") = "UnityEditor.UI", "UnityEditor.UI.csproj", "{F1A2E2DE-0864-5411-D00B-1424CA3E66B4}"
EndProject
Project("{FAE04EC0-301F-11D3-BF4B-00C04F79EFBC}") = "Unity.RenderPipelines.Core.Runtime", "Unity.RenderPipelines.Core.Runtime.csproj", "{1BA74374-B9B8-31E9-3041-8C74E3271F61}"
EndProject
Project("{FAE04EC0-301F-11D3-BF4B-00C04F79EFBC}") = "Unity.VisualScripting.Core", "Unity.VisualScripting.Core.csproj", "{A8F25C09-736E-EC4D-AEEF-9B94F1198D6A}"
EndProject
Project("{FAE04EC0-301F-11D3-BF4B-00C04F79EFBC}") = "Unity.Splines.Editor", "Unity.Splines.Editor.csproj", "{A6554BB0-3F1A-6720-08C9-E3F06F5C5884}"
EndProject
Project("{FAE04EC0-301F-11D3-BF4B-00C04F79EFBC}") = "Unity.RenderPipelines.Core.Editor", "Unity.RenderPipelines.Core.Editor.csproj", "{B8786781-4CFE-A6AF-4E55-84F0851A287E}"
EndProject
Project("{FAE04EC0-301F-11D3-BF4B-00C04F79EFBC}") = "Unity.Mathematics", "Unity.Mathematics.csproj", "{31997466-AFC9-1D7F-E550-6F69392C8FEA}"
EndProject
Project("{FAE04EC0-301F-11D3-BF4B-00C04F79EFBC}") = "Unity.VisualScripting.Core.Editor", "Unity.VisualScripting.Core.Editor.csproj", "{21E00C83-2004-7427-DD7C-99AD124B2AC4}"
EndProject
Project("{FAE04EC0-301F-11D3-BF4B-00C04F79EFBC}") = "Unity.VisualScripting.Flow.Editor", "Unity.VisualScripting.Flow.Editor.csproj", "{E51E4E07-8F83-89AF-31B0-5A5176BA79BE}"
EndProject
Project("{FAE04EC0-301F-11D3-BF4B-00C04F79EFBC}") = "UnityEditor.TestRunner", "UnityEditor.TestRunner.csproj", "{D1FC8EF4-DD93-C42B-C4F9-013459F42D3E}"
EndProject
Project("{FAE04EC0-301F-11D3-BF4B-00C04F79EFBC}") = "Autodesk.Fbx", "Autodesk.Fbx.csproj", "{1E7BF20C-E148-6516-97A1-8479D4F06194}"
EndProject
Project("{FAE04EC0-301F-11D3-BF4B-00C04F79EFBC}") = "Unity.VisualScripting.SettingsProvider.Editor", "Unity.VisualScripting.SettingsProvider.Editor.csproj", "{45507A09-22AF-AEA3-DF47-D864ED1CF831}"
EndProject
Project("{FAE04EC0-301F-11D3-BF4B-00C04F79EFBC}") = "UnityEngine.TestRunner", "UnityEngine.TestRunner.csproj", "{23E1766A-D68E-3D7E-AD6E-379F467BB29E}"
EndProject
Project("{FAE04EC0-301F-11D3-BF4B-00C04F79EFBC}") = "Unity.Splines", "Unity.Splines.csproj", "{6446D30C-4B39-FACE-AB21-6C724EBB9495}"
EndProject
Project("{FAE04EC0-301F-11D3-BF4B-00C04F79EFBC}") = "Unity.Searcher.Editor", "Unity.Searcher.Editor.csproj", "{9A97664C-C7E3-1549-ABA6-184D5078D3CC}"
EndProject
Project("{FAE04EC0-301F-11D3-BF4B-00C04F79EFBC}") = "Unity.Burst", "Unity.Burst.csproj", "{0C20A3EB-669D-28C9-884A-B564392CD646}"
EndProject
Project("{FAE04EC0-301F-11D3-BF4B-00C04F79EFBC}") = "UnityEngine.UI", "UnityEngine.UI.csproj", "{9C94CEF5-6FCC-4B6D-A2B5-0F3CD2E560FF}"
EndProject
Project("{FAE04EC0-301F-11D3-BF4B-00C04F79EFBC}") = "Unity.VisualStudio.Editor", "Unity.VisualStudio.Editor.csproj", "{80DED057-6EB4-2A7B-7AB7-05539F54A3CF}"
EndProject
Project("{FAE04EC0-301F-11D3-BF4B-00C04F79EFBC}") = "PPv2URPConverters", "PPv2URPConverters.csproj", "{1C9BC9B2-D48C-3969-CE17-8A56187210A6}"
EndProject
Project("{FAE04EC0-301F-11D3-BF4B-00C04F79EFBC}") = "Unity.Rider.Editor", "Unity.Rider.Editor.csproj", "{24D61D14-2766-30EF-8C88-8AEBF951E1E8}"
EndProject
Project("{FAE04EC0-301F-11D3-BF4B-00C04F79EFBC}") = "HoudiniEngineUnity", "HoudiniEngineUnity.csproj", "{6C78373D-71E7-2A4D-D437-06DF79ACBE16}"
EndProject
Project("{FAE04EC0-301F-11D3-BF4B-00C04F79EFBC}") = "Unity.VisualScripting.State.Editor", "Unity.VisualScripting.State.Editor.csproj", "{D6BB6E76-D1AF-6B02-AF09-D01FB7A6C4CA}"
EndProject
Project("{FAE04EC0-301F-11D3-BF4B-00C04F79EFBC}") = "Unity.Formats.Fbx.Editor", "Unity.Formats.Fbx.Editor.csproj", "{58070309-9BDC-5D71-A831-52E7F83D7C9D}"
EndProject
Project("{FAE04EC0-301F-11D3-BF4B-00C04F79EFBC}") = "Unity.Burst.CodeGen", "Unity.Burst.CodeGen.csproj", "{2C17196E-B245-8B3F-08B4-A3DD8C2CD540}"
EndProject
Project("{FAE04EC0-301F-11D3-BF4B-00C04F79EFBC}") = "Assembly-CSharp", "Assembly-CSharp.csproj", "{62EB44E3-4C13-5AB0-D0A3-23A4FD654913}"
EndProject
Project("{FAE04EC0-301F-11D3-BF4B-00C04F79EFBC}") = "Unity.CollabProxy.Editor", "Unity.CollabProxy.Editor.csproj", "{172D658A-5137-1B08-0F89-149A34B8CEF9}"
EndProject
Project("{FAE04EC0-301F-11D3-BF4B-00C04F79EFBC}") = "Unity.RenderPipeline.Universal.ShaderLibrary", "Unity.RenderPipeline.Universal.ShaderLibrary.csproj", "{EB990AC8-4C84-8AD1-0AFA-68261FA21BAE}"
EndProject
Project("{FAE04EC0-301F-11D3-BF4B-00C04F79EFBC}") = "Unity.VisualScripting.State", "Unity.VisualScripting.State.csproj", "{232F45EB-0471-628D-45D6-EB0B3CB2E87D}"
EndProject
Project("{FAE04EC0-301F-11D3-BF4B-00C04F79EFBC}") = "Unity.Formats.Fbx.Runtime", "Unity.Formats.Fbx.Runtime.csproj", "{C65AA523-573D-2B16-A651-9953DF226216}"
EndProject
Project("{FAE04EC0-301F-11D3-BF4B-00C04F79EFBC}") = "Unity.TextMeshPro", "Unity.TextMeshPro.csproj", "{D070AEDC-8AEF-1406-0040-4E4485037FAF}"
EndProject
Project("{FAE04EC0-301F-11D3-BF4B-00C04F79EFBC}") = "HoudiniEngineUnityEditor", "HoudiniEngineUnityEditor.csproj", "{1A9C1312-9F9E-2FA7-2C45-2F35E92E7403}"
EndProject
Project("{FAE04EC0-301F-11D3-BF4B-00C04F79EFBC}") = "Unity.VSCode.Editor", "Unity.VSCode.Editor.csproj", "{9B177CA3-55D9-A998-72EE-059A72685225}"
EndProject
Project("{FAE04EC0-301F-11D3-BF4B-00C04F79EFBC}") = "Unity.Burst.Editor", "Unity.Burst.Editor.csproj", "{2FA31DA2-C434-3F50-3AA9-3AAF2E83EA20}"
EndProject
Project("{FAE04EC0-301F-11D3-BF4B-00C04F79EFBC}") = "CSV2Mesh.Editor", "CSV2Mesh.Editor.csproj", "{448A11D1-4A95-CB76-7EAA-5344FFB504D1}"
EndProject
Project("{FAE04EC0-301F-11D3-BF4B-00C04F79EFBC}") = "Unity.RenderPipelines.Universal.2D.Internal", "Unity.RenderPipelines.Universal.2D.Internal.csproj", "{A5ED0E65-D5B6-6BF8-8BFD-BC61F7C7441E}"
EndProject
Project("{FAE04EC0-301F-11D3-BF4B-00C04F79EFBC}") = "Unity.Settings.Editor", "Unity.Settings.Editor.csproj", "{F30F3CCB-2EF4-75A8-2EF7-BA703B85282E}"
EndProject
Project("{FAE04EC0-301F-11D3-BF4B-00C04F79EFBC}") = "Unity.ShaderGraph.Utilities", "Unity.ShaderGraph.Utilities.csproj", "{6CBA5423-BFE9-94BC-9954-600FFB30304B}"
EndProject
Project("{FAE04EC0-301F-11D3-BF4B-00C04F79EFBC}") = "Unity.Mathematics.Editor", "Unity.Mathematics.Editor.csproj", "{62494752-9985-DA16-5C98-7E3DC52ED717}"
EndProject
Project("{FAE04EC0-301F-11D3-BF4B-00C04F79EFBC}") = "HoudiniEngineUnityEditor.VisualScripting", "HoudiniEngineUnityEditor.VisualScripting.csproj", "{0F249BD3-7DE7-BB10-AC9C-E919B970042F}"
EndProject
Project("{FAE04EC0-301F-11D3-BF4B-00C04F79EFBC}") = "Unity.VisualScripting.Shared.Editor", "Unity.VisualScripting.Shared.Editor.csproj", "{2282728B-050D-BBE2-DB8F-74CCD1E362DC}"
EndProject
Project("{FAE04EC0-301F-11D3-BF4B-00C04F79EFBC}") = "Unity.RenderPipelines.Universal.Config.Runtime", "Unity.RenderPipelines.Universal.Config.Runtime.csproj", "{94E301F4-B934-C5FD-8B0F-7260F695CA45}"
EndProject
Project("{FAE04EC0-301F-11D3-BF4B-00C04F79EFBC}") = "Unity.PlasticSCM.Editor.Entities", "Unity.PlasticSCM.Editor.Entities.csproj", "{570ECA2B-373F-6E5C-F879-5C1B6BDFFA55}"
EndProject
Project("{FAE04EC0-301F-11D3-BF4B-00C04F79EFBC}") = "Unity.RenderPipelines.ShaderGraph.ShaderGraphLibrary", "Unity.RenderPipelines.ShaderGraph.ShaderGraphLibrary.csproj", "{5EE48B10-DA98-4D19-4716-CCD7DF6374BC}"
EndProject
Project("{FAE04EC0-301F-11D3-BF4B-00C04F79EFBC}") = "Unity.RenderPipelines.Core.ShaderLibrary", "Unity.RenderPipelines.Core.ShaderLibrary.csproj", "{69307FEC-F024-DA24-D379-5DC0884B2E3C}"
EndProject
Project("{FAE04EC0-301F-11D3-BF4B-00C04F79EFBC}") = "Autodesk.Fbx.Editor", "Autodesk.Fbx.Editor.csproj", "{0B27EE68-90AF-C6C0-6E18-889209C1EC2E}"
EndProject
Project("{FAE04EC0-301F-11D3-BF4B-00C04F79EFBC}") = "HoudiniEngineUnity.VisualScripting", "HoudiniEngineUnity.VisualScripting.csproj", "{E0677D7C-FE5A-F498-485B-589AC922E748}"
EndProject
Project("{FAE04EC0-301F-11D3-BF4B-00C04F79EFBC}") = "Autodesk.Fbx.BuildTestAssets", "Autodesk.Fbx.BuildTestAssets.csproj", "{B5202B4C-BB5B-CC35-C51C-F1C9CADD5E05}"
EndProject
Project("{FAE04EC0-301F-11D3-BF4B-00C04F79EFBC}") = "Unity.RenderPipelines.Universal.Shaders", "Unity.RenderPipelines.Universal.Shaders.csproj", "{AAAEDA6E-2D6C-CC5F-F794-E1A7C011480C}"
EndProject
Global
	GlobalSection(SolutionConfigurationPlatforms) = preSolution
		Debug|Any CPU = Debug|Any CPU
		Release|Any CPU = Release|Any CPU
	EndGlobalSection
	GlobalSection(ProjectConfigurationPlatforms) = postSolution
		{FFF87341-9E67-D02C-6C77-4D539D7635C4}.Debug|Any CPU.ActiveCfg = Debug|Any CPU
		{FFF87341-9E67-D02C-6C77-4D539D7635C4}.Debug|Any CPU.Build.0 = Debug|Any CPU
		{FFF87341-9E67-D02C-6C77-4D539D7635C4}.Release|Any CPU.ActiveCfg = Release|Any CPU
		{FFF87341-9E67-D02C-6C77-4D539D7635C4}.Release|Any CPU.Build.0 = Release|Any CPU
		{35C7328E-5AF8-6CDD-5CA5-1AA9A6600A1A}.Debug|Any CPU.ActiveCfg = Debug|Any CPU
		{35C7328E-5AF8-6CDD-5CA5-1AA9A6600A1A}.Debug|Any CPU.Build.0 = Debug|Any CPU
		{35C7328E-5AF8-6CDD-5CA5-1AA9A6600A1A}.Release|Any CPU.ActiveCfg = Release|Any CPU
		{35C7328E-5AF8-6CDD-5CA5-1AA9A6600A1A}.Release|Any CPU.Build.0 = Release|Any CPU
		{66C09077-67A4-07C6-876C-D9DF723B3522}.Debug|Any CPU.ActiveCfg = Debug|Any CPU
		{66C09077-67A4-07C6-876C-D9DF723B3522}.Debug|Any CPU.Build.0 = Debug|Any CPU
		{66C09077-67A4-07C6-876C-D9DF723B3522}.Release|Any CPU.ActiveCfg = Release|Any CPU
		{66C09077-67A4-07C6-876C-D9DF723B3522}.Release|Any CPU.Build.0 = Release|Any CPU
		{5CA417F8-7767-29BD-8C7A-5F13BD043E67}.Debug|Any CPU.ActiveCfg = Debug|Any CPU
		{5CA417F8-7767-29BD-8C7A-5F13BD043E67}.Debug|Any CPU.Build.0 = Debug|Any CPU
		{5CA417F8-7767-29BD-8C7A-5F13BD043E67}.Release|Any CPU.ActiveCfg = Release|Any CPU
		{5CA417F8-7767-29BD-8C7A-5F13BD043E67}.Release|Any CPU.Build.0 = Release|Any CPU
		{E6316368-C567-22A9-D141-852CBAC81109}.Debug|Any CPU.ActiveCfg = Debug|Any CPU
		{E6316368-C567-22A9-D141-852CBAC81109}.Debug|Any CPU.Build.0 = Debug|Any CPU
		{E6316368-C567-22A9-D141-852CBAC81109}.Release|Any CPU.ActiveCfg = Release|Any CPU
		{E6316368-C567-22A9-D141-852CBAC81109}.Release|Any CPU.Build.0 = Release|Any CPU
		{F669884D-8D34-C1F5-E7B8-CFB820A74419}.Debug|Any CPU.ActiveCfg = Debug|Any CPU
		{F669884D-8D34-C1F5-E7B8-CFB820A74419}.Debug|Any CPU.Build.0 = Debug|Any CPU
		{F669884D-8D34-C1F5-E7B8-CFB820A74419}.Release|Any CPU.ActiveCfg = Release|Any CPU
		{F669884D-8D34-C1F5-E7B8-CFB820A74419}.Release|Any CPU.Build.0 = Release|Any CPU
		{EDD5171E-8B01-5A5B-7AD4-0141D5775032}.Debug|Any CPU.ActiveCfg = Debug|Any CPU
		{EDD5171E-8B01-5A5B-7AD4-0141D5775032}.Debug|Any CPU.Build.0 = Debug|Any CPU
		{EDD5171E-8B01-5A5B-7AD4-0141D5775032}.Release|Any CPU.ActiveCfg = Release|Any CPU
		{EDD5171E-8B01-5A5B-7AD4-0141D5775032}.Release|Any CPU.Build.0 = Release|Any CPU
		{A419B148-0896-E3DD-4035-D446B945CF08}.Debug|Any CPU.ActiveCfg = Debug|Any CPU
		{A419B148-0896-E3DD-4035-D446B945CF08}.Debug|Any CPU.Build.0 = Debug|Any CPU
		{A419B148-0896-E3DD-4035-D446B945CF08}.Release|Any CPU.ActiveCfg = Release|Any CPU
		{A419B148-0896-E3DD-4035-D446B945CF08}.Release|Any CPU.Build.0 = Release|Any CPU
		{9E5DD9DC-7237-AD91-AFF5-1DA256C075BA}.Debug|Any CPU.ActiveCfg = Debug|Any CPU
		{9E5DD9DC-7237-AD91-AFF5-1DA256C075BA}.Debug|Any CPU.Build.0 = Debug|Any CPU
		{9E5DD9DC-7237-AD91-AFF5-1DA256C075BA}.Release|Any CPU.ActiveCfg = Release|Any CPU
		{9E5DD9DC-7237-AD91-AFF5-1DA256C075BA}.Release|Any CPU.Build.0 = Release|Any CPU
		{F1A2E2DE-0864-5411-D00B-1424CA3E66B4}.Debug|Any CPU.ActiveCfg = Debug|Any CPU
		{F1A2E2DE-0864-5411-D00B-1424CA3E66B4}.Debug|Any CPU.Build.0 = Debug|Any CPU
		{F1A2E2DE-0864-5411-D00B-1424CA3E66B4}.Release|Any CPU.ActiveCfg = Release|Any CPU
		{F1A2E2DE-0864-5411-D00B-1424CA3E66B4}.Release|Any CPU.Build.0 = Release|Any CPU
		{1BA74374-B9B8-31E9-3041-8C74E3271F61}.Debug|Any CPU.ActiveCfg = Debug|Any CPU
		{1BA74374-B9B8-31E9-3041-8C74E3271F61}.Debug|Any CPU.Build.0 = Debug|Any CPU
		{1BA74374-B9B8-31E9-3041-8C74E3271F61}.Release|Any CPU.ActiveCfg = Release|Any CPU
		{1BA74374-B9B8-31E9-3041-8C74E3271F61}.Release|Any CPU.Build.0 = Release|Any CPU
		{A8F25C09-736E-EC4D-AEEF-9B94F1198D6A}.Debug|Any CPU.ActiveCfg = Debug|Any CPU
		{A8F25C09-736E-EC4D-AEEF-9B94F1198D6A}.Debug|Any CPU.Build.0 = Debug|Any CPU
		{A8F25C09-736E-EC4D-AEEF-9B94F1198D6A}.Release|Any CPU.ActiveCfg = Release|Any CPU
		{A8F25C09-736E-EC4D-AEEF-9B94F1198D6A}.Release|Any CPU.Build.0 = Release|Any CPU
		{A6554BB0-3F1A-6720-08C9-E3F06F5C5884}.Debug|Any CPU.ActiveCfg = Debug|Any CPU
		{A6554BB0-3F1A-6720-08C9-E3F06F5C5884}.Debug|Any CPU.Build.0 = Debug|Any CPU
		{A6554BB0-3F1A-6720-08C9-E3F06F5C5884}.Release|Any CPU.ActiveCfg = Release|Any CPU
		{A6554BB0-3F1A-6720-08C9-E3F06F5C5884}.Release|Any CPU.Build.0 = Release|Any CPU
		{B8786781-4CFE-A6AF-4E55-84F0851A287E}.Debug|Any CPU.ActiveCfg = Debug|Any CPU
		{B8786781-4CFE-A6AF-4E55-84F0851A287E}.Debug|Any CPU.Build.0 = Debug|Any CPU
		{B8786781-4CFE-A6AF-4E55-84F0851A287E}.Release|Any CPU.ActiveCfg = Release|Any CPU
		{B8786781-4CFE-A6AF-4E55-84F0851A287E}.Release|Any CPU.Build.0 = Release|Any CPU
		{31997466-AFC9-1D7F-E550-6F69392C8FEA}.Debug|Any CPU.ActiveCfg = Debug|Any CPU
		{31997466-AFC9-1D7F-E550-6F69392C8FEA}.Debug|Any CPU.Build.0 = Debug|Any CPU
		{31997466-AFC9-1D7F-E550-6F69392C8FEA}.Release|Any CPU.ActiveCfg = Release|Any CPU
		{31997466-AFC9-1D7F-E550-6F69392C8FEA}.Release|Any CPU.Build.0 = Release|Any CPU
		{21E00C83-2004-7427-DD7C-99AD124B2AC4}.Debug|Any CPU.ActiveCfg = Debug|Any CPU
		{21E00C83-2004-7427-DD7C-99AD124B2AC4}.Debug|Any CPU.Build.0 = Debug|Any CPU
		{21E00C83-2004-7427-DD7C-99AD124B2AC4}.Release|Any CPU.ActiveCfg = Release|Any CPU
		{21E00C83-2004-7427-DD7C-99AD124B2AC4}.Release|Any CPU.Build.0 = Release|Any CPU
		{E51E4E07-8F83-89AF-31B0-5A5176BA79BE}.Debug|Any CPU.ActiveCfg = Debug|Any CPU
		{E51E4E07-8F83-89AF-31B0-5A5176BA79BE}.Debug|Any CPU.Build.0 = Debug|Any CPU
		{E51E4E07-8F83-89AF-31B0-5A5176BA79BE}.Release|Any CPU.ActiveCfg = Release|Any CPU
		{E51E4E07-8F83-89AF-31B0-5A5176BA79BE}.Release|Any CPU.Build.0 = Release|Any CPU
		{D1FC8EF4-DD93-C42B-C4F9-013459F42D3E}.Debug|Any CPU.ActiveCfg = Debug|Any CPU
		{D1FC8EF4-DD93-C42B-C4F9-013459F42D3E}.Debug|Any CPU.Build.0 = Debug|Any CPU
		{D1FC8EF4-DD93-C42B-C4F9-013459F42D3E}.Release|Any CPU.ActiveCfg = Release|Any CPU
		{D1FC8EF4-DD93-C42B-C4F9-013459F42D3E}.Release|Any CPU.Build.0 = Release|Any CPU
		{1E7BF20C-E148-6516-97A1-8479D4F06194}.Debug|Any CPU.ActiveCfg = Debug|Any CPU
		{1E7BF20C-E148-6516-97A1-8479D4F06194}.Debug|Any CPU.Build.0 = Debug|Any CPU
		{1E7BF20C-E148-6516-97A1-8479D4F06194}.Release|Any CPU.ActiveCfg = Release|Any CPU
		{1E7BF20C-E148-6516-97A1-8479D4F06194}.Release|Any CPU.Build.0 = Release|Any CPU
		{45507A09-22AF-AEA3-DF47-D864ED1CF831}.Debug|Any CPU.ActiveCfg = Debug|Any CPU
		{45507A09-22AF-AEA3-DF47-D864ED1CF831}.Debug|Any CPU.Build.0 = Debug|Any CPU
		{45507A09-22AF-AEA3-DF47-D864ED1CF831}.Release|Any CPU.ActiveCfg = Release|Any CPU
		{45507A09-22AF-AEA3-DF47-D864ED1CF831}.Release|Any CPU.Build.0 = Release|Any CPU
		{23E1766A-D68E-3D7E-AD6E-379F467BB29E}.Debug|Any CPU.ActiveCfg = Debug|Any CPU
		{23E1766A-D68E-3D7E-AD6E-379F467BB29E}.Debug|Any CPU.Build.0 = Debug|Any CPU
		{23E1766A-D68E-3D7E-AD6E-379F467BB29E}.Release|Any CPU.ActiveCfg = Release|Any CPU
		{23E1766A-D68E-3D7E-AD6E-379F467BB29E}.Release|Any CPU.Build.0 = Release|Any CPU
		{6446D30C-4B39-FACE-AB21-6C724EBB9495}.Debug|Any CPU.ActiveCfg = Debug|Any CPU
		{6446D30C-4B39-FACE-AB21-6C724EBB9495}.Debug|Any CPU.Build.0 = Debug|Any CPU
		{6446D30C-4B39-FACE-AB21-6C724EBB9495}.Release|Any CPU.ActiveCfg = Release|Any CPU
		{6446D30C-4B39-FACE-AB21-6C724EBB9495}.Release|Any CPU.Build.0 = Release|Any CPU
		{9A97664C-C7E3-1549-ABA6-184D5078D3CC}.Debug|Any CPU.ActiveCfg = Debug|Any CPU
		{9A97664C-C7E3-1549-ABA6-184D5078D3CC}.Debug|Any CPU.Build.0 = Debug|Any CPU
		{9A97664C-C7E3-1549-ABA6-184D5078D3CC}.Release|Any CPU.ActiveCfg = Release|Any CPU
		{9A97664C-C7E3-1549-ABA6-184D5078D3CC}.Release|Any CPU.Build.0 = Release|Any CPU
		{0C20A3EB-669D-28C9-884A-B564392CD646}.Debug|Any CPU.ActiveCfg = Debug|Any CPU
		{0C20A3EB-669D-28C9-884A-B564392CD646}.Debug|Any CPU.Build.0 = Debug|Any CPU
		{0C20A3EB-669D-28C9-884A-B564392CD646}.Release|Any CPU.ActiveCfg = Release|Any CPU
		{0C20A3EB-669D-28C9-884A-B564392CD646}.Release|Any CPU.Build.0 = Release|Any CPU
		{9C94CEF5-6FCC-4B6D-A2B5-0F3CD2E560FF}.Debug|Any CPU.ActiveCfg = Debug|Any CPU
		{9C94CEF5-6FCC-4B6D-A2B5-0F3CD2E560FF}.Debug|Any CPU.Build.0 = Debug|Any CPU
		{9C94CEF5-6FCC-4B6D-A2B5-0F3CD2E560FF}.Release|Any CPU.ActiveCfg = Release|Any CPU
		{9C94CEF5-6FCC-4B6D-A2B5-0F3CD2E560FF}.Release|Any CPU.Build.0 = Release|Any CPU
		{80DED057-6EB4-2A7B-7AB7-05539F54A3CF}.Debug|Any CPU.ActiveCfg = Debug|Any CPU
		{80DED057-6EB4-2A7B-7AB7-05539F54A3CF}.Debug|Any CPU.Build.0 = Debug|Any CPU
		{80DED057-6EB4-2A7B-7AB7-05539F54A3CF}.Release|Any CPU.ActiveCfg = Release|Any CPU
		{80DED057-6EB4-2A7B-7AB7-05539F54A3CF}.Release|Any CPU.Build.0 = Release|Any CPU
		{1C9BC9B2-D48C-3969-CE17-8A56187210A6}.Debug|Any CPU.ActiveCfg = Debug|Any CPU
		{1C9BC9B2-D48C-3969-CE17-8A56187210A6}.Debug|Any CPU.Build.0 = Debug|Any CPU
		{1C9BC9B2-D48C-3969-CE17-8A56187210A6}.Release|Any CPU.ActiveCfg = Release|Any CPU
		{1C9BC9B2-D48C-3969-CE17-8A56187210A6}.Release|Any CPU.Build.0 = Release|Any CPU
		{24D61D14-2766-30EF-8C88-8AEBF951E1E8}.Debug|Any CPU.ActiveCfg = Debug|Any CPU
		{24D61D14-2766-30EF-8C88-8AEBF951E1E8}.Debug|Any CPU.Build.0 = Debug|Any CPU
		{24D61D14-2766-30EF-8C88-8AEBF951E1E8}.Release|Any CPU.ActiveCfg = Release|Any CPU
		{24D61D14-2766-30EF-8C88-8AEBF951E1E8}.Release|Any CPU.Build.0 = Release|Any CPU
		{6C78373D-71E7-2A4D-D437-06DF79ACBE16}.Debug|Any CPU.ActiveCfg = Debug|Any CPU
		{6C78373D-71E7-2A4D-D437-06DF79ACBE16}.Debug|Any CPU.Build.0 = Debug|Any CPU
		{6C78373D-71E7-2A4D-D437-06DF79ACBE16}.Release|Any CPU.ActiveCfg = Release|Any CPU
		{6C78373D-71E7-2A4D-D437-06DF79ACBE16}.Release|Any CPU.Build.0 = Release|Any CPU
		{D6BB6E76-D1AF-6B02-AF09-D01FB7A6C4CA}.Debug|Any CPU.ActiveCfg = Debug|Any CPU
		{D6BB6E76-D1AF-6B02-AF09-D01FB7A6C4CA}.Debug|Any CPU.Build.0 = Debug|Any CPU
		{D6BB6E76-D1AF-6B02-AF09-D01FB7A6C4CA}.Release|Any CPU.ActiveCfg = Release|Any CPU
		{D6BB6E76-D1AF-6B02-AF09-D01FB7A6C4CA}.Release|Any CPU.Build.0 = Release|Any CPU
		{58070309-9BDC-5D71-A831-52E7F83D7C9D}.Debug|Any CPU.ActiveCfg = Debug|Any CPU
		{58070309-9BDC-5D71-A831-52E7F83D7C9D}.Debug|Any CPU.Build.0 = Debug|Any CPU
		{58070309-9BDC-5D71-A831-52E7F83D7C9D}.Release|Any CPU.ActiveCfg = Release|Any CPU
		{58070309-9BDC-5D71-A831-52E7F83D7C9D}.Release|Any CPU.Build.0 = Release|Any CPU
		{2C17196E-B245-8B3F-08B4-A3DD8C2CD540}.Debug|Any CPU.ActiveCfg = Debug|Any CPU
		{2C17196E-B245-8B3F-08B4-A3DD8C2CD540}.Debug|Any CPU.Build.0 = Debug|Any CPU
		{2C17196E-B245-8B3F-08B4-A3DD8C2CD540}.Release|Any CPU.ActiveCfg = Release|Any CPU
		{2C17196E-B245-8B3F-08B4-A3DD8C2CD540}.Release|Any CPU.Build.0 = Release|Any CPU
		{62EB44E3-4C13-5AB0-D0A3-23A4FD654913}.Debug|Any CPU.ActiveCfg = Debug|Any CPU
		{62EB44E3-4C13-5AB0-D0A3-23A4FD654913}.Debug|Any CPU.Build.0 = Debug|Any CPU
		{62EB44E3-4C13-5AB0-D0A3-23A4FD654913}.Release|Any CPU.ActiveCfg = Release|Any CPU
		{62EB44E3-4C13-5AB0-D0A3-23A4FD654913}.Release|Any CPU.Build.0 = Release|Any CPU
		{172D658A-5137-1B08-0F89-149A34B8CEF9}.Debug|Any CPU.ActiveCfg = Debug|Any CPU
		{172D658A-5137-1B08-0F89-149A34B8CEF9}.Debug|Any CPU.Build.0 = Debug|Any CPU
		{172D658A-5137-1B08-0F89-149A34B8CEF9}.Release|Any CPU.ActiveCfg = Release|Any CPU
		{172D658A-5137-1B08-0F89-149A34B8CEF9}.Release|Any CPU.Build.0 = Release|Any CPU
		{EB990AC8-4C84-8AD1-0AFA-68261FA21BAE}.Debug|Any CPU.ActiveCfg = Debug|Any CPU
		{EB990AC8-4C84-8AD1-0AFA-68261FA21BAE}.Debug|Any CPU.Build.0 = Debug|Any CPU
		{EB990AC8-4C84-8AD1-0AFA-68261FA21BAE}.Release|Any CPU.ActiveCfg = Release|Any CPU
		{EB990AC8-4C84-8AD1-0AFA-68261FA21BAE}.Release|Any CPU.Build.0 = Release|Any CPU
		{232F45EB-0471-628D-45D6-EB0B3CB2E87D}.Debug|Any CPU.ActiveCfg = Debug|Any CPU
		{232F45EB-0471-628D-45D6-EB0B3CB2E87D}.Debug|Any CPU.Build.0 = Debug|Any CPU
		{232F45EB-0471-628D-45D6-EB0B3CB2E87D}.Release|Any CPU.ActiveCfg = Release|Any CPU
		{232F45EB-0471-628D-45D6-EB0B3CB2E87D}.Release|Any CPU.Build.0 = Release|Any CPU
		{C65AA523-573D-2B16-A651-9953DF226216}.Debug|Any CPU.ActiveCfg = Debug|Any CPU
		{C65AA523-573D-2B16-A651-9953DF226216}.Debug|Any CPU.Build.0 = Debug|Any CPU
		{C65AA523-573D-2B16-A651-9953DF226216}.Release|Any CPU.ActiveCfg = Release|Any CPU
		{C65AA523-573D-2B16-A651-9953DF226216}.Release|Any CPU.Build.0 = Release|Any CPU
		{D070AEDC-8AEF-1406-0040-4E4485037FAF}.Debug|Any CPU.ActiveCfg = Debug|Any CPU
		{D070AEDC-8AEF-1406-0040-4E4485037FAF}.Debug|Any CPU.Build.0 = Debug|Any CPU
		{D070AEDC-8AEF-1406-0040-4E4485037FAF}.Release|Any CPU.ActiveCfg = Release|Any CPU
		{D070AEDC-8AEF-1406-0040-4E4485037FAF}.Release|Any CPU.Build.0 = Release|Any CPU
		{1A9C1312-9F9E-2FA7-2C45-2F35E92E7403}.Debug|Any CPU.ActiveCfg = Debug|Any CPU
		{1A9C1312-9F9E-2FA7-2C45-2F35E92E7403}.Debug|Any CPU.Build.0 = Debug|Any CPU
		{1A9C1312-9F9E-2FA7-2C45-2F35E92E7403}.Release|Any CPU.ActiveCfg = Release|Any CPU
		{1A9C1312-9F9E-2FA7-2C45-2F35E92E7403}.Release|Any CPU.Build.0 = Release|Any CPU
		{9B177CA3-55D9-A998-72EE-059A72685225}.Debug|Any CPU.ActiveCfg = Debug|Any CPU
		{9B177CA3-55D9-A998-72EE-059A72685225}.Debug|Any CPU.Build.0 = Debug|Any CPU
		{9B177CA3-55D9-A998-72EE-059A72685225}.Release|Any CPU.ActiveCfg = Release|Any CPU
		{9B177CA3-55D9-A998-72EE-059A72685225}.Release|Any CPU.Build.0 = Release|Any CPU
		{2FA31DA2-C434-3F50-3AA9-3AAF2E83EA20}.Debug|Any CPU.ActiveCfg = Debug|Any CPU
		{2FA31DA2-C434-3F50-3AA9-3AAF2E83EA20}.Debug|Any CPU.Build.0 = Debug|Any CPU
		{2FA31DA2-C434-3F50-3AA9-3AAF2E83EA20}.Release|Any CPU.ActiveCfg = Release|Any CPU
		{2FA31DA2-C434-3F50-3AA9-3AAF2E83EA20}.Release|Any CPU.Build.0 = Release|Any CPU
		{448A11D1-4A95-CB76-7EAA-5344FFB504D1}.Debug|Any CPU.ActiveCfg = Debug|Any CPU
		{448A11D1-4A95-CB76-7EAA-5344FFB504D1}.Debug|Any CPU.Build.0 = Debug|Any CPU
		{448A11D1-4A95-CB76-7EAA-5344FFB504D1}.Release|Any CPU.ActiveCfg = Release|Any CPU
		{448A11D1-4A95-CB76-7EAA-5344FFB504D1}.Release|Any CPU.Build.0 = Release|Any CPU
		{A5ED0E65-D5B6-6BF8-8BFD-BC61F7C7441E}.Debug|Any CPU.ActiveCfg = Debug|Any CPU
		{A5ED0E65-D5B6-6BF8-8BFD-BC61F7C7441E}.Debug|Any CPU.Build.0 = Debug|Any CPU
		{A5ED0E65-D5B6-6BF8-8BFD-BC61F7C7441E}.Release|Any CPU.ActiveCfg = Release|Any CPU
		{A5ED0E65-D5B6-6BF8-8BFD-BC61F7C7441E}.Release|Any CPU.Build.0 = Release|Any CPU
		{F30F3CCB-2EF4-75A8-2EF7-BA703B85282E}.Debug|Any CPU.ActiveCfg = Debug|Any CPU
		{F30F3CCB-2EF4-75A8-2EF7-BA703B85282E}.Debug|Any CPU.Build.0 = Debug|Any CPU
		{F30F3CCB-2EF4-75A8-2EF7-BA703B85282E}.Release|Any CPU.ActiveCfg = Release|Any CPU
		{F30F3CCB-2EF4-75A8-2EF7-BA703B85282E}.Release|Any CPU.Build.0 = Release|Any CPU
		{6CBA5423-BFE9-94BC-9954-600FFB30304B}.Debug|Any CPU.ActiveCfg = Debug|Any CPU
		{6CBA5423-BFE9-94BC-9954-600FFB30304B}.Debug|Any CPU.Build.0 = Debug|Any CPU
		{6CBA5423-BFE9-94BC-9954-600FFB30304B}.Release|Any CPU.ActiveCfg = Release|Any CPU
		{6CBA5423-BFE9-94BC-9954-600FFB30304B}.Release|Any CPU.Build.0 = Release|Any CPU
		{62494752-9985-DA16-5C98-7E3DC52ED717}.Debug|Any CPU.ActiveCfg = Debug|Any CPU
		{62494752-9985-DA16-5C98-7E3DC52ED717}.Debug|Any CPU.Build.0 = Debug|Any CPU
		{62494752-9985-DA16-5C98-7E3DC52ED717}.Release|Any CPU.ActiveCfg = Release|Any CPU
		{62494752-9985-DA16-5C98-7E3DC52ED717}.Release|Any CPU.Build.0 = Release|Any CPU
		{0F249BD3-7DE7-BB10-AC9C-E919B970042F}.Debug|Any CPU.ActiveCfg = Debug|Any CPU
		{0F249BD3-7DE7-BB10-AC9C-E919B970042F}.Debug|Any CPU.Build.0 = Debug|Any CPU
		{0F249BD3-7DE7-BB10-AC9C-E919B970042F}.Release|Any CPU.ActiveCfg = Release|Any CPU
		{0F249BD3-7DE7-BB10-AC9C-E919B970042F}.Release|Any CPU.Build.0 = Release|Any CPU
		{2282728B-050D-BBE2-DB8F-74CCD1E362DC}.Debug|Any CPU.ActiveCfg = Debug|Any CPU
		{2282728B-050D-BBE2-DB8F-74CCD1E362DC}.Debug|Any CPU.Build.0 = Debug|Any CPU
		{2282728B-050D-BBE2-DB8F-74CCD1E362DC}.Release|Any CPU.ActiveCfg = Release|Any CPU
		{2282728B-050D-BBE2-DB8F-74CCD1E362DC}.Release|Any CPU.Build.0 = Release|Any CPU
		{94E301F4-B934-C5FD-8B0F-7260F695CA45}.Debug|Any CPU.ActiveCfg = Debug|Any CPU
		{94E301F4-B934-C5FD-8B0F-7260F695CA45}.Debug|Any CPU.Build.0 = Debug|Any CPU
		{94E301F4-B934-C5FD-8B0F-7260F695CA45}.Release|Any CPU.ActiveCfg = Release|Any CPU
		{94E301F4-B934-C5FD-8B0F-7260F695CA45}.Release|Any CPU.Build.0 = Release|Any CPU
		{570ECA2B-373F-6E5C-F879-5C1B6BDFFA55}.Debug|Any CPU.ActiveCfg = Debug|Any CPU
		{570ECA2B-373F-6E5C-F879-5C1B6BDFFA55}.Debug|Any CPU.Build.0 = Debug|Any CPU
		{570ECA2B-373F-6E5C-F879-5C1B6BDFFA55}.Release|Any CPU.ActiveCfg = Release|Any CPU
		{570ECA2B-373F-6E5C-F879-5C1B6BDFFA55}.Release|Any CPU.Build.0 = Release|Any CPU
		{5EE48B10-DA98-4D19-4716-CCD7DF6374BC}.Debug|Any CPU.ActiveCfg = Debug|Any CPU
		{5EE48B10-DA98-4D19-4716-CCD7DF6374BC}.Debug|Any CPU.Build.0 = Debug|Any CPU
		{5EE48B10-DA98-4D19-4716-CCD7DF6374BC}.Release|Any CPU.ActiveCfg = Release|Any CPU
		{5EE48B10-DA98-4D19-4716-CCD7DF6374BC}.Release|Any CPU.Build.0 = Release|Any CPU
		{69307FEC-F024-DA24-D379-5DC0884B2E3C}.Debug|Any CPU.ActiveCfg = Debug|Any CPU
		{69307FEC-F024-DA24-D379-5DC0884B2E3C}.Debug|Any CPU.Build.0 = Debug|Any CPU
		{69307FEC-F024-DA24-D379-5DC0884B2E3C}.Release|Any CPU.ActiveCfg = Release|Any CPU
		{69307FEC-F024-DA24-D379-5DC0884B2E3C}.Release|Any CPU.Build.0 = Release|Any CPU
		{0B27EE68-90AF-C6C0-6E18-889209C1EC2E}.Debug|Any CPU.ActiveCfg = Debug|Any CPU
		{0B27EE68-90AF-C6C0-6E18-889209C1EC2E}.Debug|Any CPU.Build.0 = Debug|Any CPU
		{0B27EE68-90AF-C6C0-6E18-889209C1EC2E}.Release|Any CPU.ActiveCfg = Release|Any CPU
		{0B27EE68-90AF-C6C0-6E18-889209C1EC2E}.Release|Any CPU.Build.0 = Release|Any CPU
		{E0677D7C-FE5A-F498-485B-589AC922E748}.Debug|Any CPU.ActiveCfg = Debug|Any CPU
		{E0677D7C-FE5A-F498-485B-589AC922E748}.Debug|Any CPU.Build.0 = Debug|Any CPU
		{E0677D7C-FE5A-F498-485B-589AC922E748}.Release|Any CPU.ActiveCfg = Release|Any CPU
		{E0677D7C-FE5A-F498-485B-589AC922E748}.Release|Any CPU.Build.0 = Release|Any CPU
		{B5202B4C-BB5B-CC35-C51C-F1C9CADD5E05}.Debug|Any CPU.ActiveCfg = Debug|Any CPU
		{B5202B4C-BB5B-CC35-C51C-F1C9CADD5E05}.Debug|Any CPU.Build.0 = Debug|Any CPU
		{B5202B4C-BB5B-CC35-C51C-F1C9CADD5E05}.Release|Any CPU.ActiveCfg = Release|Any CPU
		{B5202B4C-BB5B-CC35-C51C-F1C9CADD5E05}.Release|Any CPU.Build.0 = Release|Any CPU
		{AAAEDA6E-2D6C-CC5F-F794-E1A7C011480C}.Debug|Any CPU.ActiveCfg = Debug|Any CPU
		{AAAEDA6E-2D6C-CC5F-F794-E1A7C011480C}.Debug|Any CPU.Build.0 = Debug|Any CPU
		{AAAEDA6E-2D6C-CC5F-F794-E1A7C011480C}.Release|Any CPU.ActiveCfg = Release|Any CPU
		{AAAEDA6E-2D6C-CC5F-F794-E1A7C011480C}.Release|Any CPU.Build.0 = Release|Any CPU
	EndGlobalSection
	GlobalSection(SolutionProperties) = preSolution
		HideSolutionNode = FALSE
	EndGlobalSection
EndGlobal
